
Microsoft Visual Studio Solution File, Format Version 12.00
# Visual Studio Version 17
VisualStudioVersion = 17.9.34728.123
MinimumVisualStudioVersion = 10.0.40219.1
Project("{9A19103F-16F7-4668-BE54-9A1E7A4F7556}") = "DevFreela.API", "DevFreela.API\DevFreela.API.csproj", "{32E23C2F-C114-4E5A-BC72-52B54D58285E}"
EndProject
Project("{9A19103F-16F7-4668-BE54-9A1E7A4F7556}") = "DevFreela.Core", "DevFreela.Core\DevFreela.Core.csproj", "{BC0A58DB-B772-4230-9D9D-E864347C47A7}"
EndProject
Project("{9A19103F-16F7-4668-BE54-9A1E7A4F7556}") = "DevFreela.Infrastructure", "DevFreela.Infrastructure\DevFreela.Infrastructure.csproj", "{5A337902-38ED-4F20-8C2D-1737CC8B3AB1}"
EndProject
Project("{9A19103F-16F7-4668-BE54-9A1E7A4F7556}") = "DevFreela.Application", "DevFreela.Application\DevFreela.Application.csproj", "{27F1B7F7-023E-40FA-A69B-883FF8B159DA}"
EndProject
Project("{9A19103F-16F7-4668-BE54-9A1E7A4F7556}") = "DevFreela.UnitTests", "DevFreela.UnitTests\DevFreela.UnitTests.csproj", "{B84F5F88-5524-40DF-A7F8-154ECE47F4F1}"
EndProject
Global
	GlobalSection(SolutionConfigurationPlatforms) = preSolution
		Debug|Any CPU = Debug|Any CPU
		Release|Any CPU = Release|Any CPU
	EndGlobalSection
	GlobalSection(ProjectConfigurationPlatforms) = postSolution
		{32E23C2F-C114-4E5A-BC72-52B54D58285E}.Debug|Any CPU.ActiveCfg = Debug|Any CPU
		{32E23C2F-C114-4E5A-BC72-52B54D58285E}.Debug|Any CPU.Build.0 = Debug|Any CPU
		{32E23C2F-C114-4E5A-BC72-52B54D58285E}.Release|Any CPU.ActiveCfg = Release|Any CPU
		{32E23C2F-C114-4E5A-BC72-52B54D58285E}.Release|Any CPU.Build.0 = Release|Any CPU
		{BC0A58DB-B772-4230-9D9D-E864347C47A7}.Debug|Any CPU.ActiveCfg = Debug|Any CPU
		{BC0A58DB-B772-4230-9D9D-E864347C47A7}.Debug|Any CPU.Build.0 = Debug|Any CPU
		{BC0A58DB-B772-4230-9D9D-E864347C47A7}.Release|Any CPU.ActiveCfg = Release|Any CPU
		{BC0A58DB-B772-4230-9D9D-E864347C47A7}.Release|Any CPU.Build.0 = Release|Any CPU
		{5A337902-38ED-4F20-8C2D-1737CC8B3AB1}.Debug|Any CPU.ActiveCfg = Debug|Any CPU
		{5A337902-38ED-4F20-8C2D-1737CC8B3AB1}.Debug|Any CPU.Build.0 = Debug|Any CPU
		{5A337902-38ED-4F20-8C2D-1737CC8B3AB1}.Release|Any CPU.ActiveCfg = Release|Any CPU
		{5A337902-38ED-4F20-8C2D-1737CC8B3AB1}.Release|Any CPU.Build.0 = Release|Any CPU
		{27F1B7F7-023E-40FA-A69B-883FF8B159DA}.Debug|Any CPU.ActiveCfg = Debug|Any CPU
		{27F1B7F7-023E-40FA-A69B-883FF8B159DA}.Debug|Any CPU.Build.0 = Debug|Any CPU
		{27F1B7F7-023E-40FA-A69B-883FF8B159DA}.Release|Any CPU.ActiveCfg = Release|Any CPU
		{27F1B7F7-023E-40FA-A69B-883FF8B159DA}.Release|Any CPU.Build.0 = Release|Any CPU
		{B84F5F88-5524-40DF-A7F8-154ECE47F4F1}.Debug|Any CPU.ActiveCfg = Debug|Any CPU
		{B84F5F88-5524-40DF-A7F8-154ECE47F4F1}.Debug|Any CPU.Build.0 = Debug|Any CPU
		{B84F5F88-5524-40DF-A7F8-154ECE47F4F1}.Release|Any CPU.ActiveCfg = Release|Any CPU
		{B84F5F88-5524-40DF-A7F8-154ECE47F4F1}.Release|Any CPU.Build.0 = Release|Any CPU
	EndGlobalSection
	GlobalSection(SolutionProperties) = preSolution
		HideSolutionNode = FALSE
	EndGlobalSection
	GlobalSection(ExtensibilityGlobals) = postSolution
		SolutionGuid = {F901638E-0BF7-4088-9B21-98B3FA488DA4}
	EndGlobalSection
EndGlobal
